// !$*UTF8*$!
{
	archiveVersion = 1;
	classes = {
	};
	objectVersion = 56;
	objects = {

/* Begin PBXBuildFile section */
		02A4FDB82BD9808100967290 /* JTAppleCalendar_JTAppleCalendar-Info.plist in Resources */ = {isa = PBXBuildFile; fileRef = 02A4FDB42BD9808100967290 /* JTAppleCalendar_JTAppleCalendar-Info.plist */; };
		02A4FDB92BD9808100967290 /* JTAppleCalendar-Info.plist in Resources */ = {isa = PBXBuildFile; fileRef = 02A4FDB52BD9808100967290 /* JTAppleCalendar-Info.plist */; };
		02A4FDBA2BD9808100967290 /* TuistBundle+JTAppleCalendar.swift in Sources */ = {isa = PBXBuildFile; fileRef = 02A4FDB72BD9808100967290 /* TuistBundle+JTAppleCalendar.swift */; };
		075DEAE4973F49949FB6CD39 /* JTACMonthReusableView.swift in Sources */ = {isa = PBXBuildFile; fileRef = 022EA09E0DBC263CF866B892 /* JTACMonthReusableView.swift */; };
		301CF264E794E8360223A19B /* CalendarStructs.swift in Sources */ = {isa = PBXBuildFile; fileRef = 0B74FBE6426BFFF44ED2A144 /* CalendarStructs.swift */; };
		39B23332CDDEB69E7B779DE8 /* JTACMonthDelegateProtocol.swift in Sources */ = {isa = PBXBuildFile; fileRef = 8A7CB206FE98BAAAFF3702A3 /* JTACMonthDelegateProtocol.swift */; };
		3CEB70F89E0BBED8BE163412 /* JTACScrollViewDelegates.swift in Sources */ = {isa = PBXBuildFile; fileRef = D7E929D0E3837C180AF3162F /* JTACScrollViewDelegates.swift */; };
		416371055804C25D44052423 /* PrivacyInfo.xcprivacy in Resources */ = {isa = PBXBuildFile; fileRef = 1B00FD7D6F0CB5C33A757C55 /* PrivacyInfo.xcprivacy */; };
		47EE24BD482324D4445F1621 /* JTACInteractionMonthFunctions.swift in Sources */ = {isa = PBXBuildFile; fileRef = 21C14C0F877932B9130CAA10 /* JTACInteractionMonthFunctions.swift */; };
		528448168EA4EFF1B93183D1 /* JTACMonthLayoutVerticalCalendar.swift in Sources */ = {isa = PBXBuildFile; fileRef = 7ED8121AFFBD605878602AAA /* JTACMonthLayoutVerticalCalendar.swift */; };
		54C7DB46E760C948BEC5B9C9 /* JTACMonthLayout.swift in Sources */ = {isa = PBXBuildFile; fileRef = CD8844997778C4D7E7F2F00A /* JTACMonthLayout.swift */; };
		63D2C421BDB6434E9E14A6EB /* GlobalFunctionsAndExtensions.swift in Sources */ = {isa = PBXBuildFile; fileRef = D215A8570BAEB63FF40C9CAB /* GlobalFunctionsAndExtensions.swift */; };
		6D29E1829E09B8CCA8370B0E /* JTACMonthCell.swift in Sources */ = {isa = PBXBuildFile; fileRef = 1E06AD3230405F4275CAA378 /* JTACMonthCell.swift */; };
		719E2EB53FFCFFC30C0261DC /* JTACMonthLayoutProtocol.swift in Sources */ = {isa = PBXBuildFile; fileRef = D7FE938A899DB40460FF4EE5 /* JTACMonthLayoutProtocol.swift */; };
		737317D22AB0367D09A3E1DC /* JTACMonthView.swift in Sources */ = {isa = PBXBuildFile; fileRef = 1EF5A5C81349861841956B7F /* JTACMonthView.swift */; };
		789D26190CD950FE300EB759 /* JTACYearView.swift in Sources */ = {isa = PBXBuildFile; fileRef = 10AB14C23FE94D5AAFCFA3D8 /* JTACYearView.swift */; };
		8C55166420C81980263BFD1D /* JTACCollectionYearViewDelegates.swift in Sources */ = {isa = PBXBuildFile; fileRef = 60B5E560B2218279CCDE49B8 /* JTACCollectionYearViewDelegates.swift */; };
		9CDDC56BE74BACFAA12ADA64 /* JTACMonthLayoutHorizontalCalendar.swift in Sources */ = {isa = PBXBuildFile; fileRef = 423D6F1702DAA7A4F7C0F061 /* JTACMonthLayoutHorizontalCalendar.swift */; };
		B7EC5C44437D571F110405F3 /* CalendarEnums.swift in Sources */ = {isa = PBXBuildFile; fileRef = 658B509390CA64440CB067CE /* CalendarEnums.swift */; };
		BE9176569E71986E8B3C8403 /* JTACMonthActionFunctions.swift in Sources */ = {isa = PBXBuildFile; fileRef = 9E399DF75C120E8CE06940C5 /* JTACMonthActionFunctions.swift */; };
		D18849624101944935AE7A72 /* JTACMonthViewProtocols.swift in Sources */ = {isa = PBXBuildFile; fileRef = 4D7876EE47B42131B8962804 /* JTACMonthViewProtocols.swift */; };
		D2ECB0F4B130988B8406CE12 /* JTACDayCell.swift in Sources */ = {isa = PBXBuildFile; fileRef = 772E2C8F88C7FA41D3AA8879 /* JTACDayCell.swift */; };
		D3B892177AE3A9648F764979 /* JTACCollectionMonthViewDelegates.swift in Sources */ = {isa = PBXBuildFile; fileRef = 52768F3160B1FEB8133E892A /* JTACCollectionMonthViewDelegates.swift */; };
		D7DE7AF3FFF7B4C024981A0C /* JTACInteractionYearFunctions.swift in Sources */ = {isa = PBXBuildFile; fileRef = 3E15BC3E58B037D378CB7F9F /* JTACInteractionYearFunctions.swift */; };
		DF0D2977A3EFB236C0930E44 /* JTACYearViewProtocols.swift in Sources */ = {isa = PBXBuildFile; fileRef = 3A29A7F1E4400F2EEE440E61 /* JTACYearViewProtocols.swift */; };
		EE4BD81CB4CD607A0BC36E02 /* JTACMonthQueryFunctions.swift in Sources */ = {isa = PBXBuildFile; fileRef = CB4A86CAADC7F65B3DE8A9FB /* JTACMonthQueryFunctions.swift */; };
		F2C95539CB1B38174D1135E9 /* JTACVariables.swift in Sources */ = {isa = PBXBuildFile; fileRef = 39820885140A9576E493BF2A /* JTACVariables.swift */; };
/* End PBXBuildFile section */

/* Begin PBXContainerItemProxy section */
		44722A4F25DAC240C99D989F /* PBXContainerItemProxy */ = {
			isa = PBXContainerItemProxy;
			containerPortal = F7EDFD7CB433D0AC216F6528 /* Project object */;
			proxyType = 1;
			remoteGlobalIDString = BB660E181D66706D10FE0538;
			remoteInfo = JTAppleCalendar_JTAppleCalendar;
		};
/* End PBXContainerItemProxy section */

/* Begin PBXCopyFilesBuildPhase section */
		D9737E2CD03BCE19778EB940 /* Embed Frameworks */ = {
			isa = PBXCopyFilesBuildPhase;
			buildActionMask = 2147483647;
			dstPath = "";
			dstSubfolderSpec = 10;
			files = (
			);
			name = "Embed Frameworks";
			runOnlyForDeploymentPostprocessing = 0;
		};
		E482C8E93A15E93634C6D155 /* Embed Frameworks */ = {
			isa = PBXCopyFilesBuildPhase;
			buildActionMask = 2147483647;
			dstPath = "";
			dstSubfolderSpec = 10;
			files = (
			);
			name = "Embed Frameworks";
			runOnlyForDeploymentPostprocessing = 0;
		};
/* End PBXCopyFilesBuildPhase section */

/* Begin PBXFileReference section */
		022EA09E0DBC263CF866B892 /* JTACMonthReusableView.swift */ = {isa = PBXFileReference; lastKnownFileType = sourcecode.swift; path = JTACMonthReusableView.swift; sourceTree = "<group>"; };
		02A4FDB42BD9808100967290 /* JTAppleCalendar_JTAppleCalendar-Info.plist */ = {isa = PBXFileReference; fileEncoding = 4; lastKnownFileType = text.plist.xml; path = "JTAppleCalendar_JTAppleCalendar-Info.plist"; sourceTree = "<group>"; };
		02A4FDB52BD9808100967290 /* JTAppleCalendar-Info.plist */ = {isa = PBXFileReference; fileEncoding = 4; lastKnownFileType = text.plist.xml; path = "JTAppleCalendar-Info.plist"; sourceTree = "<group>"; };
		02A4FDB72BD9808100967290 /* TuistBundle+JTAppleCalendar.swift */ = {isa = PBXFileReference; fileEncoding = 4; lastKnownFileType = sourcecode.swift; path = "TuistBundle+JTAppleCalendar.swift"; sourceTree = "<group>"; };
		0B74FBE6426BFFF44ED2A144 /* CalendarStructs.swift */ = {isa = PBXFileReference; lastKnownFileType = sourcecode.swift; path = CalendarStructs.swift; sourceTree = "<group>"; };
		10AB14C23FE94D5AAFCFA3D8 /* JTACYearView.swift */ = {isa = PBXFileReference; lastKnownFileType = sourcecode.swift; path = JTACYearView.swift; sourceTree = "<group>"; };
		1B00FD7D6F0CB5C33A757C55 /* PrivacyInfo.xcprivacy */ = {isa = PBXFileReference; lastKnownFileType = text.xml; path = PrivacyInfo.xcprivacy; sourceTree = "<group>"; };
		1E06AD3230405F4275CAA378 /* JTACMonthCell.swift */ = {isa = PBXFileReference; lastKnownFileType = sourcecode.swift; path = JTACMonthCell.swift; sourceTree = "<group>"; };
		1EF5A5C81349861841956B7F /* JTACMonthView.swift */ = {isa = PBXFileReference; lastKnownFileType = sourcecode.swift; path = JTACMonthView.swift; sourceTree = "<group>"; };
		21C14C0F877932B9130CAA10 /* JTACInteractionMonthFunctions.swift */ = {isa = PBXFileReference; lastKnownFileType = sourcecode.swift; path = JTACInteractionMonthFunctions.swift; sourceTree = "<group>"; };
		279F196EEE8EBB829DF3D7A4 /* JTAppleCalendar.framework */ = {isa = PBXFileReference; explicitFileType = wrapper.framework; includeInIndex = 0; path = JTAppleCalendar.framework; sourceTree = BUILT_PRODUCTS_DIR; };
		39820885140A9576E493BF2A /* JTACVariables.swift */ = {isa = PBXFileReference; lastKnownFileType = sourcecode.swift; path = JTACVariables.swift; sourceTree = "<group>"; };
		3A29A7F1E4400F2EEE440E61 /* JTACYearViewProtocols.swift */ = {isa = PBXFileReference; lastKnownFileType = sourcecode.swift; path = JTACYearViewProtocols.swift; sourceTree = "<group>"; };
		3E15BC3E58B037D378CB7F9F /* JTACInteractionYearFunctions.swift */ = {isa = PBXFileReference; lastKnownFileType = sourcecode.swift; path = JTACInteractionYearFunctions.swift; sourceTree = "<group>"; };
		423D6F1702DAA7A4F7C0F061 /* JTACMonthLayoutHorizontalCalendar.swift */ = {isa = PBXFileReference; lastKnownFileType = sourcecode.swift; path = JTACMonthLayoutHorizontalCalendar.swift; sourceTree = "<group>"; };
		4D7876EE47B42131B8962804 /* JTACMonthViewProtocols.swift */ = {isa = PBXFileReference; lastKnownFileType = sourcecode.swift; path = JTACMonthViewProtocols.swift; sourceTree = "<group>"; };
		52768F3160B1FEB8133E892A /* JTACCollectionMonthViewDelegates.swift */ = {isa = PBXFileReference; lastKnownFileType = sourcecode.swift; path = JTACCollectionMonthViewDelegates.swift; sourceTree = "<group>"; };
		60B5E560B2218279CCDE49B8 /* JTACCollectionYearViewDelegates.swift */ = {isa = PBXFileReference; lastKnownFileType = sourcecode.swift; path = JTACCollectionYearViewDelegates.swift; sourceTree = "<group>"; };
		658B509390CA64440CB067CE /* CalendarEnums.swift */ = {isa = PBXFileReference; lastKnownFileType = sourcecode.swift; path = CalendarEnums.swift; sourceTree = "<group>"; };
		772E2C8F88C7FA41D3AA8879 /* JTACDayCell.swift */ = {isa = PBXFileReference; lastKnownFileType = sourcecode.swift; path = JTACDayCell.swift; sourceTree = "<group>"; };
		7ED8121AFFBD605878602AAA /* JTACMonthLayoutVerticalCalendar.swift */ = {isa = PBXFileReference; lastKnownFileType = sourcecode.swift; path = JTACMonthLayoutVerticalCalendar.swift; sourceTree = "<group>"; };
		8A7CB206FE98BAAAFF3702A3 /* JTACMonthDelegateProtocol.swift */ = {isa = PBXFileReference; lastKnownFileType = sourcecode.swift; path = JTACMonthDelegateProtocol.swift; sourceTree = "<group>"; };
		9E399DF75C120E8CE06940C5 /* JTACMonthActionFunctions.swift */ = {isa = PBXFileReference; lastKnownFileType = sourcecode.swift; path = JTACMonthActionFunctions.swift; sourceTree = "<group>"; };
		9EB0D43D2DCF52E22BAA2B4D /* JTAppleCalendar_JTAppleCalendar.bundle */ = {isa = PBXFileReference; explicitFileType = wrapper.cfbundle; includeInIndex = 0; path = JTAppleCalendar_JTAppleCalendar.bundle; sourceTree = BUILT_PRODUCTS_DIR; };
		CB4A86CAADC7F65B3DE8A9FB /* JTACMonthQueryFunctions.swift */ = {isa = PBXFileReference; lastKnownFileType = sourcecode.swift; path = JTACMonthQueryFunctions.swift; sourceTree = "<group>"; };
		CD8844997778C4D7E7F2F00A /* JTACMonthLayout.swift */ = {isa = PBXFileReference; lastKnownFileType = sourcecode.swift; path = JTACMonthLayout.swift; sourceTree = "<group>"; };
		D215A8570BAEB63FF40C9CAB /* GlobalFunctionsAndExtensions.swift */ = {isa = PBXFileReference; lastKnownFileType = sourcecode.swift; path = GlobalFunctionsAndExtensions.swift; sourceTree = "<group>"; };
		D7E929D0E3837C180AF3162F /* JTACScrollViewDelegates.swift */ = {isa = PBXFileReference; lastKnownFileType = sourcecode.swift; path = JTACScrollViewDelegates.swift; sourceTree = "<group>"; };
		D7FE938A899DB40460FF4EE5 /* JTACMonthLayoutProtocol.swift */ = {isa = PBXFileReference; lastKnownFileType = sourcecode.swift; path = JTACMonthLayoutProtocol.swift; sourceTree = "<group>"; };
/* End PBXFileReference section */

/* Begin PBXFrameworksBuildPhase section */
		30DB38E0C6A27311BD1495D9 /* Frameworks */ = {
			isa = PBXFrameworksBuildPhase;
			buildActionMask = 2147483647;
			files = (
			);
			runOnlyForDeploymentPostprocessing = 0;
		};
		6577A9F7F7DE12BB55D925BD /* Frameworks */ = {
			isa = PBXFrameworksBuildPhase;
			buildActionMask = 2147483647;
			files = (
			);
			runOnlyForDeploymentPostprocessing = 0;
		};
/* End PBXFrameworksBuildPhase section */

/* Begin PBXGroup section */
		02A4FDB22BD9808100967290 /* Derived */ = {
			isa = PBXGroup;
			children = (
				02A4FDB32BD9808100967290 /* InfoPlists */,
				02A4FDB62BD9808100967290 /* Sources */,
			);
			path = Derived;
			sourceTree = "<group>";
		};
		02A4FDB32BD9808100967290 /* InfoPlists */ = {
			isa = PBXGroup;
			children = (
				02A4FDB42BD9808100967290 /* JTAppleCalendar_JTAppleCalendar-Info.plist */,
				02A4FDB52BD9808100967290 /* JTAppleCalendar-Info.plist */,
			);
			path = InfoPlists;
			sourceTree = "<group>";
		};
		02A4FDB62BD9808100967290 /* Sources */ = {
			isa = PBXGroup;
			children = (
				02A4FDB72BD9808100967290 /* TuistBundle+JTAppleCalendar.swift */,
			);
			path = Sources;
			sourceTree = "<group>";
		};
		25472E8CFBAFF2198EC90D83 /* JTAppleCalendar */ = {
			isa = PBXGroup;
			children = (
				658B509390CA64440CB067CE /* CalendarEnums.swift */,
				0B74FBE6426BFFF44ED2A144 /* CalendarStructs.swift */,
				D215A8570BAEB63FF40C9CAB /* GlobalFunctionsAndExtensions.swift */,
				52768F3160B1FEB8133E892A /* JTACCollectionMonthViewDelegates.swift */,
				60B5E560B2218279CCDE49B8 /* JTACCollectionYearViewDelegates.swift */,
				772E2C8F88C7FA41D3AA8879 /* JTACDayCell.swift */,
				21C14C0F877932B9130CAA10 /* JTACInteractionMonthFunctions.swift */,
				3E15BC3E58B037D378CB7F9F /* JTACInteractionYearFunctions.swift */,
				9E399DF75C120E8CE06940C5 /* JTACMonthActionFunctions.swift */,
				1E06AD3230405F4275CAA378 /* JTACMonthCell.swift */,
				8A7CB206FE98BAAAFF3702A3 /* JTACMonthDelegateProtocol.swift */,
				CD8844997778C4D7E7F2F00A /* JTACMonthLayout.swift */,
				423D6F1702DAA7A4F7C0F061 /* JTACMonthLayoutHorizontalCalendar.swift */,
				D7FE938A899DB40460FF4EE5 /* JTACMonthLayoutProtocol.swift */,
				7ED8121AFFBD605878602AAA /* JTACMonthLayoutVerticalCalendar.swift */,
				CB4A86CAADC7F65B3DE8A9FB /* JTACMonthQueryFunctions.swift */,
				022EA09E0DBC263CF866B892 /* JTACMonthReusableView.swift */,
				1EF5A5C81349861841956B7F /* JTACMonthView.swift */,
				4D7876EE47B42131B8962804 /* JTACMonthViewProtocols.swift */,
				D7E929D0E3837C180AF3162F /* JTACScrollViewDelegates.swift */,
				39820885140A9576E493BF2A /* JTACVariables.swift */,
				10AB14C23FE94D5AAFCFA3D8 /* JTACYearView.swift */,
				3A29A7F1E4400F2EEE440E61 /* JTACYearViewProtocols.swift */,
				1B00FD7D6F0CB5C33A757C55 /* PrivacyInfo.xcprivacy */,
			);
			path = JTAppleCalendar;
			sourceTree = "<group>";
		};
		7C1978E0F8687182A60F1BD2 = {
			isa = PBXGroup;
			children = (
				AC0A12720885AA60527AC502 /* Project */,
				FB64BAAA4664572C6CD75056 /* Frameworks */,
				D3AC1071345D654597C70480 /* Cache */,
				D0E1B2DB4B16C85C2140CA88 /* Products */,
			);
			sourceTree = "<group>";
		};
		AC0A12720885AA60527AC502 /* Project */ = {
			isa = PBXGroup;
			children = (
				02A4FDB22BD9808100967290 /* Derived */,
				BC4B685B0EE9067A7EC9FF56 /* Sources */,
			);
			name = Project;
			sourceTree = "<group>";
		};
		BC4B685B0EE9067A7EC9FF56 /* Sources */ = {
			isa = PBXGroup;
			children = (
				25472E8CFBAFF2198EC90D83 /* JTAppleCalendar */,
			);
			path = Sources;
			sourceTree = "<group>";
		};
		D0E1B2DB4B16C85C2140CA88 /* Products */ = {
			isa = PBXGroup;
			children = (
				9EB0D43D2DCF52E22BAA2B4D /* JTAppleCalendar_JTAppleCalendar.bundle */,
				279F196EEE8EBB829DF3D7A4 /* JTAppleCalendar.framework */,
			);
			name = Products;
			sourceTree = "<group>";
		};
		D3AC1071345D654597C70480 /* Cache */ = {
			isa = PBXGroup;
			children = (
			);
			name = Cache;
			sourceTree = "<group>";
		};
		FB64BAAA4664572C6CD75056 /* Frameworks */ = {
			isa = PBXGroup;
			children = (
			);
			name = Frameworks;
			sourceTree = "<group>";
		};
/* End PBXGroup section */

/* Begin PBXNativeTarget section */
		819E0BCBDC613B02BCFD8717 /* JTAppleCalendar */ = {
			isa = PBXNativeTarget;
			buildConfigurationList = 7D1CFB8E5C885C81EE5A22AB /* Build configuration list for PBXNativeTarget "JTAppleCalendar" */;
			buildPhases = (
				E92455E5D8C108DEF3CF554F /* Sources */,
				35E7EEBC0595008C9658339F /* Resources */,
				D9737E2CD03BCE19778EB940 /* Embed Frameworks */,
				6577A9F7F7DE12BB55D925BD /* Frameworks */,
			);
			buildRules = (
			);
			dependencies = (
				4DA1ED696CBB1C32BA36B1F8 /* PBXTargetDependency */,
			);
			name = JTAppleCalendar;
			productName = JTAppleCalendar;
			productReference = 279F196EEE8EBB829DF3D7A4 /* JTAppleCalendar.framework */;
			productType = "com.apple.product-type.framework";
		};
		BB660E181D66706D10FE0538 /* JTAppleCalendar_JTAppleCalendar */ = {
			isa = PBXNativeTarget;
			buildConfigurationList = B12FC290B5AEF79C84ACD4B2 /* Build configuration list for PBXNativeTarget "JTAppleCalendar_JTAppleCalendar" */;
			buildPhases = (
				E565CA21802C8F4BE63CAAF4 /* Resources */,
				E482C8E93A15E93634C6D155 /* Embed Frameworks */,
				30DB38E0C6A27311BD1495D9 /* Frameworks */,
			);
			buildRules = (
			);
			dependencies = (
			);
			name = JTAppleCalendar_JTAppleCalendar;
			productName = JTAppleCalendar_JTAppleCalendar;
			productReference = 9EB0D43D2DCF52E22BAA2B4D /* JTAppleCalendar_JTAppleCalendar.bundle */;
			productType = "com.apple.product-type.bundle";
		};
/* End PBXNativeTarget section */

/* Begin PBXProject section */
		F7EDFD7CB433D0AC216F6528 /* Project object */ = {
			isa = PBXProject;
			attributes = {
				BuildIndependentTargetsInParallel = YES;
				LastUpgradeCheck = 9999;
			};
			buildConfigurationList = 03664B6DB046DD380F8288E1 /* Build configuration list for PBXProject "JTAppleCalendar" */;
			compatibilityVersion = "Xcode 14.0";
			developmentRegion = en;
			hasScannedForEncodings = 0;
			knownRegions = (
				Base,
				en,
			);
			mainGroup = 7C1978E0F8687182A60F1BD2;
			productRefGroup = D0E1B2DB4B16C85C2140CA88 /* Products */;
			projectDirPath = "";
			projectRoot = "";
			targets = (
				819E0BCBDC613B02BCFD8717 /* JTAppleCalendar */,
				BB660E181D66706D10FE0538 /* JTAppleCalendar_JTAppleCalendar */,
			);
		};
/* End PBXProject section */

/* Begin PBXResourcesBuildPhase section */
		35E7EEBC0595008C9658339F /* Resources */ = {
			isa = PBXResourcesBuildPhase;
			buildActionMask = 2147483647;
			files = (
				02A4FDB82BD9808100967290 /* JTAppleCalendar_JTAppleCalendar-Info.plist in Resources */,
				02A4FDB92BD9808100967290 /* JTAppleCalendar-Info.plist in Resources */,
			);
			runOnlyForDeploymentPostprocessing = 0;
		};
		E565CA21802C8F4BE63CAAF4 /* Resources */ = {
			isa = PBXResourcesBuildPhase;
			buildActionMask = 2147483647;
			files = (
				416371055804C25D44052423 /* PrivacyInfo.xcprivacy in Resources */,
			);
			runOnlyForDeploymentPostprocessing = 0;
		};
/* End PBXResourcesBuildPhase section */

/* Begin PBXSourcesBuildPhase section */
		E92455E5D8C108DEF3CF554F /* Sources */ = {
			isa = PBXSourcesBuildPhase;
			buildActionMask = 2147483647;
			files = (
				B7EC5C44437D571F110405F3 /* CalendarEnums.swift in Sources */,
				301CF264E794E8360223A19B /* CalendarStructs.swift in Sources */,
				63D2C421BDB6434E9E14A6EB /* GlobalFunctionsAndExtensions.swift in Sources */,
				D3B892177AE3A9648F764979 /* JTACCollectionMonthViewDelegates.swift in Sources */,
				02A4FDBA2BD9808100967290 /* TuistBundle+JTAppleCalendar.swift in Sources */,
				8C55166420C81980263BFD1D /* JTACCollectionYearViewDelegates.swift in Sources */,
				D2ECB0F4B130988B8406CE12 /* JTACDayCell.swift in Sources */,
				47EE24BD482324D4445F1621 /* JTACInteractionMonthFunctions.swift in Sources */,
				D7DE7AF3FFF7B4C024981A0C /* JTACInteractionYearFunctions.swift in Sources */,
				BE9176569E71986E8B3C8403 /* JTACMonthActionFunctions.swift in Sources */,
				6D29E1829E09B8CCA8370B0E /* JTACMonthCell.swift in Sources */,
				39B23332CDDEB69E7B779DE8 /* JTACMonthDelegateProtocol.swift in Sources */,
				54C7DB46E760C948BEC5B9C9 /* JTACMonthLayout.swift in Sources */,
				9CDDC56BE74BACFAA12ADA64 /* JTACMonthLayoutHorizontalCalendar.swift in Sources */,
				719E2EB53FFCFFC30C0261DC /* JTACMonthLayoutProtocol.swift in Sources */,
				528448168EA4EFF1B93183D1 /* JTACMonthLayoutVerticalCalendar.swift in Sources */,
				EE4BD81CB4CD607A0BC36E02 /* JTACMonthQueryFunctions.swift in Sources */,
				075DEAE4973F49949FB6CD39 /* JTACMonthReusableView.swift in Sources */,
				737317D22AB0367D09A3E1DC /* JTACMonthView.swift in Sources */,
				D18849624101944935AE7A72 /* JTACMonthViewProtocols.swift in Sources */,
				3CEB70F89E0BBED8BE163412 /* JTACScrollViewDelegates.swift in Sources */,
				F2C95539CB1B38174D1135E9 /* JTACVariables.swift in Sources */,
				789D26190CD950FE300EB759 /* JTACYearView.swift in Sources */,
				DF0D2977A3EFB236C0930E44 /* JTACYearViewProtocols.swift in Sources */,
			);
			runOnlyForDeploymentPostprocessing = 0;
		};
/* End PBXSourcesBuildPhase section */

/* Begin PBXTargetDependency section */
		4DA1ED696CBB1C32BA36B1F8 /* PBXTargetDependency */ = {
			isa = PBXTargetDependency;
			name = JTAppleCalendar_JTAppleCalendar;
			target = BB660E181D66706D10FE0538 /* JTAppleCalendar_JTAppleCalendar */;
			targetProxy = 44722A4F25DAC240C99D989F /* PBXContainerItemProxy */;
		};
/* End PBXTargetDependency section */

/* Begin XCBuildConfiguration section */
		32C0858A9839F53183317B86 /* Release */ = {
			isa = XCBuildConfiguration;
			buildSettings = {
				ALWAYS_SEARCH_USER_PATHS = YES;
				CLANG_ENABLE_OBJC_WEAK = NO;
				CLANG_WARN_QUOTED_INCLUDE_IN_FRAMEWORK_HEADER = NO;
				CODE_SIGN_IDENTITY = "";
				CURRENT_PROJECT_VERSION = 1;
				DEFINES_MODULE = YES;
				DERIVE_MACCATALYST_PRODUCT_BUNDLE_IDENTIFIER = YES;
				DYLIB_COMPATIBILITY_VERSION = 1;
				DYLIB_CURRENT_VERSION = 1;
				DYLIB_INSTALL_NAME_BASE = "@rpath";
				ENABLE_STRICT_OBJC_MSGSEND = NO;
				FRAMEWORK_SEARCH_PATHS = (
					"$(inherited)",
					"$(PLATFORM_DIR)/Developer/Library/Frameworks",
				);
				GCC_NO_COMMON_BLOCKS = NO;
				GCC_PREPROCESSOR_DEFINITIONS = (
					"$(inherited)",
					"SWIFT_PACKAGE=1",
				);
				GCC_WARN_INHIBIT_ALL_WARNINGS = YES;
				INFOPLIST_FILE = "Derived/InfoPlists/JTAppleCalendar-Info.plist";
				INSTALL_PATH = "$(LOCAL_LIBRARY_DIR)/Frameworks";
				IPHONEOS_DEPLOYMENT_TARGET = 15.0;
				LD_RUNPATH_SEARCH_PATHS = (
					"$(inherited)",
					"@executable_path/Frameworks",
					"@loader_path/Frameworks",
				);
				MACH_O_TYPE = staticlib;
				OTHER_SWIFT_FLAGS = "$(inherited) -package-name JTAppleCalendar";
				PRODUCT_BUNDLE_IDENTIFIER = JTAppleCalendar;
				PRODUCT_NAME = JTAppleCalendar;
				SDKROOT = iphoneos;
				SKIP_INSTALL = YES;
				SUPPORTS_MACCATALYST = YES;
				SUPPORTS_MAC_DESIGNED_FOR_IPHONE_IPAD = YES;
				SUPPORTS_XR_DESIGNED_FOR_IPHONE_IPAD = YES;
				SWIFT_ACTIVE_COMPILATION_CONDITIONS = "$(inherited) SWIFT_PACKAGE";
				SWIFT_COMPILATION_MODE = wholemodule;
				SWIFT_OPTIMIZATION_LEVEL = "-Owholemodule";
				SWIFT_SUPPRESS_WARNINGS = YES;
				SWIFT_VERSION = 5.0;
				TARGETED_DEVICE_FAMILY = "1,2";
				USE_HEADERMAP = NO;
				VERSIONING_SYSTEM = "apple-generic";
				VERSION_INFO_PREFIX = "";
			};
			name = Release;
		};
		337A55A5D9C47D28E7E72360 /* Debug */ = {
			isa = XCBuildConfiguration;
			buildSettings = {
				CODE_SIGNING_ALLOWED = NO;
				CODE_SIGN_IDENTITY = "iPhone Developer";
				DERIVE_MACCATALYST_PRODUCT_BUNDLE_IDENTIFIER = YES;
				INFOPLIST_FILE = "Derived/InfoPlists/JTAppleCalendar_JTAppleCalendar-Info.plist";
				IPHONEOS_DEPLOYMENT_TARGET = 15.0;
				PRODUCT_BUNDLE_IDENTIFIER = JTAppleCalendar.resources;
				PRODUCT_NAME = JTAppleCalendar_JTAppleCalendar;
				SDKROOT = iphoneos;
				SUPPORTS_MACCATALYST = YES;
				SUPPORTS_MAC_DESIGNED_FOR_IPHONE_IPAD = YES;
				SUPPORTS_XR_DESIGNED_FOR_IPHONE_IPAD = YES;
				SWIFT_ACTIVE_COMPILATION_CONDITIONS = "$(inherited) DEBUG";
				SWIFT_COMPILATION_MODE = singlefile;
				SWIFT_OPTIMIZATION_LEVEL = "-Onone";
				SWIFT_VERSION = 5.0;
				TARGETED_DEVICE_FAMILY = "1,2";
			};
			name = Debug;
		};
		649E34EC903B871C4C2C8A87 /* Release */ = {
			isa = XCBuildConfiguration;
			buildSettings = {
				CODE_SIGNING_ALLOWED = NO;
				CODE_SIGN_IDENTITY = "iPhone Developer";
				DERIVE_MACCATALYST_PRODUCT_BUNDLE_IDENTIFIER = YES;
				INFOPLIST_FILE = "Derived/InfoPlists/JTAppleCalendar_JTAppleCalendar-Info.plist";
				IPHONEOS_DEPLOYMENT_TARGET = 15.0;
				PRODUCT_BUNDLE_IDENTIFIER = JTAppleCalendar.resources;
				PRODUCT_NAME = JTAppleCalendar_JTAppleCalendar;
				SDKROOT = iphoneos;
				SUPPORTS_MACCATALYST = YES;
				SUPPORTS_MAC_DESIGNED_FOR_IPHONE_IPAD = YES;
				SUPPORTS_XR_DESIGNED_FOR_IPHONE_IPAD = YES;
				SWIFT_COMPILATION_MODE = wholemodule;
				SWIFT_OPTIMIZATION_LEVEL = "-Owholemodule";
				SWIFT_VERSION = 5.0;
				TARGETED_DEVICE_FAMILY = "1,2";
			};
			name = Release;
		};
		9B2042FA09D423B38FE7438F /* Debug */ = {
			isa = XCBuildConfiguration;
			buildSettings = {
				ALWAYS_SEARCH_USER_PATHS = YES;
				CLANG_ENABLE_OBJC_WEAK = NO;
				CLANG_WARN_QUOTED_INCLUDE_IN_FRAMEWORK_HEADER = NO;
				CODE_SIGN_IDENTITY = "";
				CURRENT_PROJECT_VERSION = 1;
				DEFINES_MODULE = YES;
				DERIVE_MACCATALYST_PRODUCT_BUNDLE_IDENTIFIER = YES;
				DYLIB_COMPATIBILITY_VERSION = 1;
				DYLIB_CURRENT_VERSION = 1;
				DYLIB_INSTALL_NAME_BASE = "@rpath";
				ENABLE_STRICT_OBJC_MSGSEND = NO;
				FRAMEWORK_SEARCH_PATHS = (
					"$(inherited)",
					"$(PLATFORM_DIR)/Developer/Library/Frameworks",
				);
				GCC_NO_COMMON_BLOCKS = NO;
				GCC_PREPROCESSOR_DEFINITIONS = (
					"$(inherited)",
					"SWIFT_PACKAGE=1",
				);
				GCC_WARN_INHIBIT_ALL_WARNINGS = YES;
				INFOPLIST_FILE = "Derived/InfoPlists/JTAppleCalendar-Info.plist";
				INSTALL_PATH = "$(LOCAL_LIBRARY_DIR)/Frameworks";
				IPHONEOS_DEPLOYMENT_TARGET = 15.0;
				LD_RUNPATH_SEARCH_PATHS = (
					"$(inherited)",
					"@executable_path/Frameworks",
					"@loader_path/Frameworks",
				);
				MACH_O_TYPE = staticlib;
				OTHER_SWIFT_FLAGS = "$(inherited) -package-name JTAppleCalendar";
				PRODUCT_BUNDLE_IDENTIFIER = JTAppleCalendar;
				PRODUCT_NAME = JTAppleCalendar;
				SDKROOT = iphoneos;
				SKIP_INSTALL = YES;
				SUPPORTS_MACCATALYST = YES;
				SUPPORTS_MAC_DESIGNED_FOR_IPHONE_IPAD = YES;
				SUPPORTS_XR_DESIGNED_FOR_IPHONE_IPAD = YES;
				SWIFT_ACTIVE_COMPILATION_CONDITIONS = "$(inherited) SWIFT_PACKAGE DEBUG";
				SWIFT_COMPILATION_MODE = singlefile;
				SWIFT_OPTIMIZATION_LEVEL = "-Onone";
				SWIFT_SUPPRESS_WARNINGS = YES;
				SWIFT_VERSION = 5.0;
				TARGETED_DEVICE_FAMILY = "1,2";
				USE_HEADERMAP = NO;
				VERSIONING_SYSTEM = "apple-generic";
				VERSION_INFO_PREFIX = "";
			};
			name = Debug;
		};
		A3ED23F1024EF28F3C3E2F39 /* Debug */ = {
			isa = XCBuildConfiguration;
			buildSettings = {
				ALWAYS_SEARCH_USER_PATHS = NO;
				CLANG_ANALYZER_LOCALIZABILITY_NONLOCALIZED = YES;
				CLANG_ANALYZER_NONNULL = YES;
				CLANG_ANALYZER_NUMBER_OBJECT_CONVERSION = YES_AGGRESSIVE;
				CLANG_CXX_LANGUAGE_STANDARD = "gnu++14";
				CLANG_CXX_LIBRARY = "libc++";
				CLANG_ENABLE_MODULES = YES;
				CLANG_ENABLE_OBJC_ARC = YES;
				CLANG_ENABLE_OBJC_WEAK = YES;
				CLANG_WARN_BLOCK_CAPTURE_AUTORELEASING = YES;
				CLANG_WARN_BOOL_CONVERSION = YES;
				CLANG_WARN_COMMA = YES;
				CLANG_WARN_CONSTANT_CONVERSION = YES;
				CLANG_WARN_DEPRECATED_OBJC_IMPLEMENTATIONS = YES;
				CLANG_WARN_DIRECT_OBJC_ISA_USAGE = YES_ERROR;
				CLANG_WARN_DOCUMENTATION_COMMENTS = YES;
				CLANG_WARN_EMPTY_BODY = YES;
				CLANG_WARN_ENUM_CONVERSION = YES;
				CLANG_WARN_INFINITE_RECURSION = YES;
				CLANG_WARN_INT_CONVERSION = YES;
				CLANG_WARN_NON_LITERAL_NULL_CONVERSION = YES;
				CLANG_WARN_OBJC_IMPLICIT_RETAIN_SELF = YES;
				CLANG_WARN_OBJC_LITERAL_CONVERSION = YES;
				CLANG_WARN_OBJC_ROOT_CLASS = YES_ERROR;
				CLANG_WARN_QUOTED_INCLUDE_IN_FRAMEWORK_HEADER = YES;
				CLANG_WARN_RANGE_LOOP_ANALYSIS = YES;
				CLANG_WARN_STRICT_PROTOTYPES = YES;
				CLANG_WARN_SUSPICIOUS_MOVE = YES;
				CLANG_WARN_UNGUARDED_AVAILABILITY = YES_AGGRESSIVE;
				CLANG_WARN_UNREACHABLE_CODE = YES;
				CLANG_WARN__DUPLICATE_METHOD_MATCH = YES;
				COPY_PHASE_STRIP = NO;
				DEAD_CODE_STRIPPING = YES;
				DEBUG_INFORMATION_FORMAT = dwarf;
				ENABLE_STRICT_OBJC_MSGSEND = YES;
				ENABLE_TESTABILITY = YES;
				GCC_C_LANGUAGE_STANDARD = gnu11;
				GCC_DYNAMIC_NO_PIC = NO;
				GCC_NO_COMMON_BLOCKS = YES;
				GCC_OPTIMIZATION_LEVEL = 0;
				GCC_PREPROCESSOR_DEFINITIONS = (
					"DEBUG=1",
					"$(inherited)",
				);
				GCC_WARN_64_TO_32_BIT_CONVERSION = YES;
				GCC_WARN_ABOUT_RETURN_TYPE = YES_ERROR;
				GCC_WARN_UNDECLARED_SELECTOR = YES;
				GCC_WARN_UNINITIALIZED_AUTOS = YES_AGGRESSIVE;
				GCC_WARN_UNUSED_FUNCTION = YES;
				GCC_WARN_UNUSED_VARIABLE = YES;
				MTL_ENABLE_DEBUG_INFO = YES;
				ONLY_ACTIVE_ARCH = YES;
				PRODUCT_NAME = "$(TARGET_NAME)";
			};
			name = Debug;
		};
		C7E3C0DDD40F6B1AE6149F95 /* Release */ = {
			isa = XCBuildConfiguration;
			buildSettings = {
				ALWAYS_SEARCH_USER_PATHS = NO;
				CLANG_ANALYZER_LOCALIZABILITY_NONLOCALIZED = YES;
				CLANG_ANALYZER_NONNULL = YES;
				CLANG_ANALYZER_NUMBER_OBJECT_CONVERSION = YES_AGGRESSIVE;
				CLANG_CXX_LANGUAGE_STANDARD = "gnu++14";
				CLANG_CXX_LIBRARY = "libc++";
				CLANG_ENABLE_MODULES = YES;
				CLANG_ENABLE_OBJC_ARC = YES;
				CLANG_ENABLE_OBJC_WEAK = YES;
				CLANG_WARN_BLOCK_CAPTURE_AUTORELEASING = YES;
				CLANG_WARN_BOOL_CONVERSION = YES;
				CLANG_WARN_COMMA = YES;
				CLANG_WARN_CONSTANT_CONVERSION = YES;
				CLANG_WARN_DEPRECATED_OBJC_IMPLEMENTATIONS = YES;
				CLANG_WARN_DIRECT_OBJC_ISA_USAGE = YES_ERROR;
				CLANG_WARN_DOCUMENTATION_COMMENTS = YES;
				CLANG_WARN_EMPTY_BODY = YES;
				CLANG_WARN_ENUM_CONVERSION = YES;
				CLANG_WARN_INFINITE_RECURSION = YES;
				CLANG_WARN_INT_CONVERSION = YES;
				CLANG_WARN_NON_LITERAL_NULL_CONVERSION = YES;
				CLANG_WARN_OBJC_IMPLICIT_RETAIN_SELF = YES;
				CLANG_WARN_OBJC_LITERAL_CONVERSION = YES;
				CLANG_WARN_OBJC_ROOT_CLASS = YES_ERROR;
				CLANG_WARN_QUOTED_INCLUDE_IN_FRAMEWORK_HEADER = YES;
				CLANG_WARN_RANGE_LOOP_ANALYSIS = YES;
				CLANG_WARN_STRICT_PROTOTYPES = YES;
				CLANG_WARN_SUSPICIOUS_MOVE = YES;
				CLANG_WARN_UNGUARDED_AVAILABILITY = YES_AGGRESSIVE;
				CLANG_WARN_UNREACHABLE_CODE = YES;
				CLANG_WARN__DUPLICATE_METHOD_MATCH = YES;
				COPY_PHASE_STRIP = NO;
				DEAD_CODE_STRIPPING = YES;
				DEBUG_INFORMATION_FORMAT = "dwarf-with-dsym";
				ENABLE_NS_ASSERTIONS = NO;
				ENABLE_STRICT_OBJC_MSGSEND = YES;
				GCC_C_LANGUAGE_STANDARD = gnu11;
				GCC_NO_COMMON_BLOCKS = YES;
				GCC_WARN_64_TO_32_BIT_CONVERSION = YES;
				GCC_WARN_ABOUT_RETURN_TYPE = YES_ERROR;
				GCC_WARN_UNDECLARED_SELECTOR = YES;
				GCC_WARN_UNINITIALIZED_AUTOS = YES_AGGRESSIVE;
				GCC_WARN_UNUSED_FUNCTION = YES;
				GCC_WARN_UNUSED_VARIABLE = YES;
				MTL_ENABLE_DEBUG_INFO = NO;
				PRODUCT_NAME = "$(TARGET_NAME)";
				VALIDATE_PRODUCT = YES;
			};
			name = Release;
		};
/* End XCBuildConfiguration section */

/* Begin XCConfigurationList section */
		03664B6DB046DD380F8288E1 /* Build configuration list for PBXProject "JTAppleCalendar" */ = {
			isa = XCConfigurationList;
			buildConfigurations = (
				A3ED23F1024EF28F3C3E2F39 /* Debug */,
				C7E3C0DDD40F6B1AE6149F95 /* Release */,
			);
			defaultConfigurationIsVisible = 0;
			defaultConfigurationName = Release;
		};
		7D1CFB8E5C885C81EE5A22AB /* Build configuration list for PBXNativeTarget "JTAppleCalendar" */ = {
			isa = XCConfigurationList;
			buildConfigurations = (
				9B2042FA09D423B38FE7438F /* Debug */,
				32C0858A9839F53183317B86 /* Release */,
			);
			defaultConfigurationIsVisible = 0;
			defaultConfigurationName = Release;
		};
		B12FC290B5AEF79C84ACD4B2 /* Build configuration list for PBXNativeTarget "JTAppleCalendar_JTAppleCalendar" */ = {
			isa = XCConfigurationList;
			buildConfigurations = (
				337A55A5D9C47D28E7E72360 /* Debug */,
				649E34EC903B871C4C2C8A87 /* Release */,
			);
			defaultConfigurationIsVisible = 0;
			defaultConfigurationName = Release;
		};
/* End XCConfigurationList section */
	};
	rootObject = F7EDFD7CB433D0AC216F6528 /* Project object */;
}
